
Microsoft Visual Studio Solution File, Format Version 12.00
# Visual Studio Version 16
VisualStudioVersion = 16.0.30011.22
MinimumVisualStudioVersion = 10.0.40219.1
Project("{FAE04EC0-301F-11D3-BF4B-00C04F79EFBC}") = "SimpleFramework.Utils", "SimpleFramework.Utils\SimpleFramework.Utils.csproj", "{46C5EBFA-EE52-4118-A023-997952CAC553}"
EndProject
Project("{FAE04EC0-301F-11D3-BF4B-00C04F79EFBC}") = "SimpleFramework.ConsoleTests", "SimpleFramework.ConsoleTests\SimpleFramework.ConsoleTests.csproj", "{33048FE1-1CE8-47EC-8187-477D06A78B21}"
EndProject
Project("{FAE04EC0-301F-11D3-BF4B-00C04F79EFBC}") = "SimpleFramework.MvcTests", "SimpleFramework.MvcTests\SimpleFramework.MvcTests.csproj", "{3789D49D-1771-42DE-BDDC-CA6D50C7B441}"
EndProject
Global
	GlobalSection(SolutionConfigurationPlatforms) = preSolution
		Debug|Any CPU = Debug|Any CPU
		Release|Any CPU = Release|Any CPU
	EndGlobalSection
	GlobalSection(ProjectConfigurationPlatforms) = postSolution
		{46C5EBFA-EE52-4118-A023-997952CAC553}.Debug|Any CPU.ActiveCfg = Debug|Any CPU
		{46C5EBFA-EE52-4118-A023-997952CAC553}.Debug|Any CPU.Build.0 = Debug|Any CPU
		{46C5EBFA-EE52-4118-A023-997952CAC553}.Release|Any CPU.ActiveCfg = Release|Any CPU
		{46C5EBFA-EE52-4118-A023-997952CAC553}.Release|Any CPU.Build.0 = Release|Any CPU
		{33048FE1-1CE8-47EC-8187-477D06A78B21}.Debug|Any CPU.ActiveCfg = Debug|Any CPU
		{33048FE1-1CE8-47EC-8187-477D06A78B21}.Debug|Any CPU.Build.0 = Debug|Any CPU
		{33048FE1-1CE8-47EC-8187-477D06A78B21}.Release|Any CPU.ActiveCfg = Release|Any CPU
		{33048FE1-1CE8-47EC-8187-477D06A78B21}.Release|Any CPU.Build.0 = Release|Any CPU
		{3789D49D-1771-42DE-BDDC-CA6D50C7B441}.Debug|Any CPU.ActiveCfg = Debug|Any CPU
		{3789D49D-1771-42DE-BDDC-CA6D50C7B441}.Debug|Any CPU.Build.0 = Debug|Any CPU
		{3789D49D-1771-42DE-BDDC-CA6D50C7B441}.Release|Any CPU.ActiveCfg = Release|Any CPU
		{3789D49D-1771-42DE-BDDC-CA6D50C7B441}.Release|Any CPU.Build.0 = Release|Any CPU
	EndGlobalSection
	GlobalSection(SolutionProperties) = preSolution
		HideSolutionNode = FALSE
	EndGlobalSection
	GlobalSection(ExtensibilityGlobals) = postSolution
		SolutionGuid = {BDE77354-AB58-4607-A05E-027E770E064F}
	EndGlobalSection
EndGlobal
